
Microsoft Visual Studio Solution File, Format Version 12.00
#
Project("{FAE04EC0-301F-11D3-BF4B-00C04F79EFBC}") = "ApiGateWay", "src\backends\ApiGateWay\ApiGateWay.csproj", "{FB4D06F2-C4E4-4919-97FE-C1819CEB911A}"
EndProject
Project("{2150E333-8FDC-42A3-9474-1A3956D46DE8}") = "src", "src", "{5E171D43-E7F6-4703-B49E-8725CD195CDC}"
EndProject
Project("{2150E333-8FDC-42A3-9474-1A3956D46DE8}") = "backends", "backends", "{29F1F126-C1D3-4D9D-A14A-27A376D92641}"
EndProject
Project("{FAE04EC0-301F-11D3-BF4B-00C04F79EFBC}") = "AuthService", "src\backends\AuthService\AuthService.csproj", "{BA5D66DA-9D56-46E1-BC41-1A67F6B87978}"
EndProject
Project("{FAE04EC0-301F-11D3-BF4B-00C04F79EFBC}") = "AuthForServicesExtension", "src\backends\AuthForServicesExtension\AuthForServicesExtension.csproj", "{320DFDDF-99E7-40EB-BC49-BBC40184F1BE}"
EndProject
Project("{FAE04EC0-301F-11D3-BF4B-00C04F79EFBC}") = "OrderService", "src\backends\OrderService\OrderService.csproj", "{BBD85AC2-09FF-4D75-918A-5543818D5150}"
EndProject
Project("{FAE04EC0-301F-11D3-BF4B-00C04F79EFBC}") = "ProductService", "src\backends\ProductService\ProductService.csproj", "{4304F4EE-1385-4B65-BF63-D2DB89D378BA}"
EndProject
Project("{FAE04EC0-301F-11D3-BF4B-00C04F79EFBC}") = "RabbitMqServiceExtension", "src\backends\RabbitMqServiceExtension\RabbitMqServiceExtension.csproj", "{1FD58AA4-1CBC-45D1-AFD4-07E8721FD0A0}"
EndProject
Project("{FAE04EC0-301F-11D3-BF4B-00C04F79EFBC}") = "SignalRService", "src\backends\SignalRService\SignalRService.csproj", "{D68031EE-854B-4593-878A-8E6433369E5B}"
EndProject
Project("{FAE04EC0-301F-11D3-BF4B-00C04F79EFBC}") = "Domain", "src\backends\Domain\Domain.csproj", "{3ED0C383-1233-4998-8815-A5742F212BA3}"
EndProject
Global
	GlobalSection(SolutionConfigurationPlatforms) = preSolution
		Debug|Any CPU = Debug|Any CPU
		Release|Any CPU = Release|Any CPU
	EndGlobalSection
	GlobalSection(ProjectConfigurationPlatforms) = postSolution
		{FB4D06F2-C4E4-4919-97FE-C1819CEB911A}.Debug|Any CPU.ActiveCfg = Debug|Any CPU
		{FB4D06F2-C4E4-4919-97FE-C1819CEB911A}.Debug|Any CPU.Build.0 = Debug|Any CPU
		{FB4D06F2-C4E4-4919-97FE-C1819CEB911A}.Release|Any CPU.ActiveCfg = Release|Any CPU
		{FB4D06F2-C4E4-4919-97FE-C1819CEB911A}.Release|Any CPU.Build.0 = Release|Any CPU
		{BA5D66DA-9D56-46E1-BC41-1A67F6B87978}.Debug|Any CPU.ActiveCfg = Debug|Any CPU
		{BA5D66DA-9D56-46E1-BC41-1A67F6B87978}.Debug|Any CPU.Build.0 = Debug|Any CPU
		{BA5D66DA-9D56-46E1-BC41-1A67F6B87978}.Release|Any CPU.ActiveCfg = Release|Any CPU
		{BA5D66DA-9D56-46E1-BC41-1A67F6B87978}.Release|Any CPU.Build.0 = Release|Any CPU
		{320DFDDF-99E7-40EB-BC49-BBC40184F1BE}.Debug|Any CPU.ActiveCfg = Debug|Any CPU
		{320DFDDF-99E7-40EB-BC49-BBC40184F1BE}.Debug|Any CPU.Build.0 = Debug|Any CPU
		{320DFDDF-99E7-40EB-BC49-BBC40184F1BE}.Release|Any CPU.ActiveCfg = Release|Any CPU
		{320DFDDF-99E7-40EB-BC49-BBC40184F1BE}.Release|Any CPU.Build.0 = Release|Any CPU
		{BBD85AC2-09FF-4D75-918A-5543818D5150}.Debug|Any CPU.ActiveCfg = Debug|Any CPU
		{BBD85AC2-09FF-4D75-918A-5543818D5150}.Debug|Any CPU.Build.0 = Debug|Any CPU
		{BBD85AC2-09FF-4D75-918A-5543818D5150}.Release|Any CPU.ActiveCfg = Release|Any CPU
		{BBD85AC2-09FF-4D75-918A-5543818D5150}.Release|Any CPU.Build.0 = Release|Any CPU
		{4304F4EE-1385-4B65-BF63-D2DB89D378BA}.Debug|Any CPU.ActiveCfg = Debug|Any CPU
		{4304F4EE-1385-4B65-BF63-D2DB89D378BA}.Debug|Any CPU.Build.0 = Debug|Any CPU
		{4304F4EE-1385-4B65-BF63-D2DB89D378BA}.Release|Any CPU.ActiveCfg = Release|Any CPU
		{4304F4EE-1385-4B65-BF63-D2DB89D378BA}.Release|Any CPU.Build.0 = Release|Any CPU
		{1FD58AA4-1CBC-45D1-AFD4-07E8721FD0A0}.Debug|Any CPU.ActiveCfg = Debug|Any CPU
		{1FD58AA4-1CBC-45D1-AFD4-07E8721FD0A0}.Debug|Any CPU.Build.0 = Debug|Any CPU
		{1FD58AA4-1CBC-45D1-AFD4-07E8721FD0A0}.Release|Any CPU.ActiveCfg = Release|Any CPU
		{1FD58AA4-1CBC-45D1-AFD4-07E8721FD0A0}.Release|Any CPU.Build.0 = Release|Any CPU
		{D68031EE-854B-4593-878A-8E6433369E5B}.Debug|Any CPU.ActiveCfg = Debug|Any CPU
		{D68031EE-854B-4593-878A-8E6433369E5B}.Debug|Any CPU.Build.0 = Debug|Any CPU
		{D68031EE-854B-4593-878A-8E6433369E5B}.Release|Any CPU.ActiveCfg = Release|Any CPU
		{D68031EE-854B-4593-878A-8E6433369E5B}.Release|Any CPU.Build.0 = Release|Any CPU
		{3ED0C383-1233-4998-8815-A5742F212BA3}.Debug|Any CPU.ActiveCfg = Debug|Any CPU
		{3ED0C383-1233-4998-8815-A5742F212BA3}.Debug|Any CPU.Build.0 = Debug|Any CPU
		{3ED0C383-1233-4998-8815-A5742F212BA3}.Release|Any CPU.ActiveCfg = Release|Any CPU
		{3ED0C383-1233-4998-8815-A5742F212BA3}.Release|Any CPU.Build.0 = Release|Any CPU
	EndGlobalSection
	GlobalSection(NestedProjects) = preSolution
		{29F1F126-C1D3-4D9D-A14A-27A376D92641} = {5E171D43-E7F6-4703-B49E-8725CD195CDC}
		{BA5D66DA-9D56-46E1-BC41-1A67F6B87978} = {29F1F126-C1D3-4D9D-A14A-27A376D92641}
		{320DFDDF-99E7-40EB-BC49-BBC40184F1BE} = {29F1F126-C1D3-4D9D-A14A-27A376D92641}
		{BBD85AC2-09FF-4D75-918A-5543818D5150} = {29F1F126-C1D3-4D9D-A14A-27A376D92641}
		{4304F4EE-1385-4B65-BF63-D2DB89D378BA} = {29F1F126-C1D3-4D9D-A14A-27A376D92641}
		{1FD58AA4-1CBC-45D1-AFD4-07E8721FD0A0} = {29F1F126-C1D3-4D9D-A14A-27A376D92641}
		{D68031EE-854B-4593-878A-8E6433369E5B} = {29F1F126-C1D3-4D9D-A14A-27A376D92641}
		{FB4D06F2-C4E4-4919-97FE-C1819CEB911A} = {29F1F126-C1D3-4D9D-A14A-27A376D92641}
		{3ED0C383-1233-4998-8815-A5742F212BA3} = {29F1F126-C1D3-4D9D-A14A-27A376D92641}
	EndGlobalSection
EndGlobal
