
Microsoft Visual Studio Solution File, Format Version 12.00
Project("{FAE04EC0-301F-11D3-BF4B-00C04F79EFBC}") = "Auth.Service", "Auth.Service\Auth.Service.csproj", "{3BD782B2-14C8-42FE-BD94-FA47D401F76D}"
EndProject
Global
	GlobalSection(SolutionConfigurationPlatforms) = preSolution
		Debug|Any CPU = Debug|Any CPU
		Release|Any CPU = Release|Any CPU
	EndGlobalSection
	GlobalSection(ProjectConfigurationPlatforms) = postSolution
		{3BD782B2-14C8-42FE-BD94-FA47D401F76D}.Debug|Any CPU.ActiveCfg = Debug|Any CPU
		{3BD782B2-14C8-42FE-BD94-FA47D401F76D}.Debug|Any CPU.Build.0 = Debug|Any CPU
		{3BD782B2-14C8-42FE-BD94-FA47D401F76D}.Release|Any CPU.ActiveCfg = Release|Any CPU
		{3BD782B2-14C8-42FE-BD94-FA47D401F76D}.Release|Any CPU.Build.0 = Release|Any CPU
	EndGlobalSection
EndGlobal
