
Microsoft Visual Studio Solution File, Format Version 12.00
Project("{FAE04EC0-301F-11D3-BF4B-00C04F79EFBC}") = "AuthService", "AuthService\AuthService.csproj", "{3BD782B2-14C8-42FE-BD94-FA47D401F76D}"
EndProject
Project("{FAE04EC0-301F-11D3-BF4B-00C04F79EFBC}") = "ProductService", "ProductService\ProductService.csproj", "{5B7B2AD5-F53F-4842-B0AC-266F01245984}"
EndProject
Global
	GlobalSection(SolutionConfigurationPlatforms) = preSolution
		Debug|Any CPU = Debug|Any CPU
		Release|Any CPU = Release|Any CPU
	EndGlobalSection
	GlobalSection(ProjectConfigurationPlatforms) = postSolution
		{3BD782B2-14C8-42FE-BD94-FA47D401F76D}.Debug|Any CPU.ActiveCfg = Debug|Any CPU
		{3BD782B2-14C8-42FE-BD94-FA47D401F76D}.Debug|Any CPU.Build.0 = Debug|Any CPU
		{3BD782B2-14C8-42FE-BD94-FA47D401F76D}.Release|Any CPU.ActiveCfg = Release|Any CPU
		{3BD782B2-14C8-42FE-BD94-FA47D401F76D}.Release|Any CPU.Build.0 = Release|Any CPU
		{5B7B2AD5-F53F-4842-B0AC-266F01245984}.Debug|Any CPU.ActiveCfg = Debug|Any CPU
		{5B7B2AD5-F53F-4842-B0AC-266F01245984}.Debug|Any CPU.Build.0 = Debug|Any CPU
		{5B7B2AD5-F53F-4842-B0AC-266F01245984}.Release|Any CPU.ActiveCfg = Release|Any CPU
		{5B7B2AD5-F53F-4842-B0AC-266F01245984}.Release|Any CPU.Build.0 = Release|Any CPU
	EndGlobalSection
EndGlobal
